
Microsoft Visual Studio Solution File, Format Version 12.00
# Visual Studio Version 17
VisualStudioVersion = 17.8.34408.163
MinimumVisualStudioVersion = 10.0.40219.1
Project("{9A19103F-16F7-4668-BE54-9A1E7A4F7556}") = "Comp1551-SU24", "Comp1551-SU24.csproj", "{1D4CFC42-281F-4A4B-9830-6736FB9C4DC9}"
EndProject
Project("{9A19103F-16F7-4668-BE54-9A1E7A4F7556}") = "Lecture1", "..\Lecture1\Lecture1.csproj", "{435E9C17-0049-4A8D-A7E8-A8B67E5AD31F}"
EndProject
Project("{9A19103F-16F7-4668-BE54-9A1E7A4F7556}") = "Lecture2", "..\Lecture2\Lecture2.csproj", "{749B2B80-BFAD-4FA3-BC42-D3BB333CF46E}"
EndProject
Project("{FAE04EC0-301F-11D3-BF4B-00C04F79EFBC}") = "Lecture3", "..\Lecture3\Lecture3.csproj", "{C73EE3D5-C987-4B32-82FC-B1CBE35EDB3E}"
EndProject
Global
	GlobalSection(SolutionConfigurationPlatforms) = preSolution
		Debug|Any CPU = Debug|Any CPU
		Release|Any CPU = Release|Any CPU
	EndGlobalSection
	GlobalSection(ProjectConfigurationPlatforms) = postSolution
		{1D4CFC42-281F-4A4B-9830-6736FB9C4DC9}.Debug|Any CPU.ActiveCfg = Debug|Any CPU
		{1D4CFC42-281F-4A4B-9830-6736FB9C4DC9}.Debug|Any CPU.Build.0 = Debug|Any CPU
		{1D4CFC42-281F-4A4B-9830-6736FB9C4DC9}.Release|Any CPU.ActiveCfg = Release|Any CPU
		{1D4CFC42-281F-4A4B-9830-6736FB9C4DC9}.Release|Any CPU.Build.0 = Release|Any CPU
		{435E9C17-0049-4A8D-A7E8-A8B67E5AD31F}.Debug|Any CPU.ActiveCfg = Debug|Any CPU
		{435E9C17-0049-4A8D-A7E8-A8B67E5AD31F}.Debug|Any CPU.Build.0 = Debug|Any CPU
		{435E9C17-0049-4A8D-A7E8-A8B67E5AD31F}.Release|Any CPU.ActiveCfg = Release|Any CPU
		{435E9C17-0049-4A8D-A7E8-A8B67E5AD31F}.Release|Any CPU.Build.0 = Release|Any CPU
		{749B2B80-BFAD-4FA3-BC42-D3BB333CF46E}.Debug|Any CPU.ActiveCfg = Debug|Any CPU
		{749B2B80-BFAD-4FA3-BC42-D3BB333CF46E}.Debug|Any CPU.Build.0 = Debug|Any CPU
		{749B2B80-BFAD-4FA3-BC42-D3BB333CF46E}.Release|Any CPU.ActiveCfg = Release|Any CPU
		{749B2B80-BFAD-4FA3-BC42-D3BB333CF46E}.Release|Any CPU.Build.0 = Release|Any CPU
		{C73EE3D5-C987-4B32-82FC-B1CBE35EDB3E}.Debug|Any CPU.ActiveCfg = Debug|Any CPU
		{C73EE3D5-C987-4B32-82FC-B1CBE35EDB3E}.Debug|Any CPU.Build.0 = Debug|Any CPU
		{C73EE3D5-C987-4B32-82FC-B1CBE35EDB3E}.Release|Any CPU.ActiveCfg = Release|Any CPU
		{C73EE3D5-C987-4B32-82FC-B1CBE35EDB3E}.Release|Any CPU.Build.0 = Release|Any CPU
	EndGlobalSection
	GlobalSection(SolutionProperties) = preSolution
		HideSolutionNode = FALSE
	EndGlobalSection
	GlobalSection(ExtensibilityGlobals) = postSolution
		SolutionGuid = {B2666990-C1E4-46CB-81A5-BF177B8348FD}
	EndGlobalSection
EndGlobal
